
Microsoft Visual Studio Solution File, Format Version 12.00
# Visual Studio 15
VisualStudioVersion = 15.0.28307.489
MinimumVisualStudioVersion = 10.0.40219.1
Project("{FAE04EC0-301F-11D3-BF4B-00C04F79EFBC}") = "PizzaBaren", "PizzaBaren\PizzaBaren.csproj", "{B7F31AFC-B788-4800-851A-19B502330D50}"
EndProject
Global
	GlobalSection(SolutionConfigurationPlatforms) = preSolution
		Debug|Any CPU = Debug|Any CPU
		Release|Any CPU = Release|Any CPU
	EndGlobalSection
	GlobalSection(ProjectConfigurationPlatforms) = postSolution
		{B7F31AFC-B788-4800-851A-19B502330D50}.Debug|Any CPU.ActiveCfg = Debug|Any CPU
		{B7F31AFC-B788-4800-851A-19B502330D50}.Debug|Any CPU.Build.0 = Debug|Any CPU
		{B7F31AFC-B788-4800-851A-19B502330D50}.Release|Any CPU.ActiveCfg = Release|Any CPU
		{B7F31AFC-B788-4800-851A-19B502330D50}.Release|Any CPU.Build.0 = Release|Any CPU
	EndGlobalSection
	GlobalSection(SolutionProperties) = preSolution
		HideSolutionNode = FALSE
	EndGlobalSection
	GlobalSection(ExtensibilityGlobals) = postSolution
		SolutionGuid = {F79FA3EE-C73E-4958-9D34-BC242E74A7F5}
	EndGlobalSection
EndGlobal
